
Microsoft Visual Studio Solution File, Format Version 12.00
# Visual Studio 15
VisualStudioVersion = 15.0.27428.2005
MinimumVisualStudioVersion = 10.0.40219.1
Project("{FAE04EC0-301F-11D3-BF4B-00C04F79EFBC}") = "DetekcijaLica", "FaceDetection\DetekcijaLica.csproj", "{7A43F786-03C1-4BB3-9102-56FFBD210349}"
EndProject
Project("{FAE04EC0-301F-11D3-BF4B-00C04F79EFBC}") = "ViolaJones", "ViolaJones\ViolaJones.csproj", "{DC1722E8-4CA9-4CBB-B591-571880ABC7D1}"
EndProject
Global
	GlobalSection(Performance) = preSolution
		HasPerformanceSessions = true
	EndGlobalSection
	GlobalSection(SolutionConfigurationPlatforms) = preSolution
		Debug|Any CPU = Debug|Any CPU
		Release|Any CPU = Release|Any CPU
	EndGlobalSection
	GlobalSection(ProjectConfigurationPlatforms) = postSolution
		{7A43F786-03C1-4BB3-9102-56FFBD210349}.Debug|Any CPU.ActiveCfg = Debug|Any CPU
		{7A43F786-03C1-4BB3-9102-56FFBD210349}.Debug|Any CPU.Build.0 = Debug|Any CPU
		{7A43F786-03C1-4BB3-9102-56FFBD210349}.Release|Any CPU.ActiveCfg = Release|Any CPU
		{7A43F786-03C1-4BB3-9102-56FFBD210349}.Release|Any CPU.Build.0 = Release|Any CPU
		{DC1722E8-4CA9-4CBB-B591-571880ABC7D1}.Debug|Any CPU.ActiveCfg = Debug|Any CPU
		{DC1722E8-4CA9-4CBB-B591-571880ABC7D1}.Debug|Any CPU.Build.0 = Debug|Any CPU
		{DC1722E8-4CA9-4CBB-B591-571880ABC7D1}.Release|Any CPU.ActiveCfg = Release|Any CPU
		{DC1722E8-4CA9-4CBB-B591-571880ABC7D1}.Release|Any CPU.Build.0 = Release|Any CPU
	EndGlobalSection
	GlobalSection(SolutionProperties) = preSolution
		HideSolutionNode = FALSE
	EndGlobalSection
	GlobalSection(ExtensibilityGlobals) = postSolution
		SolutionGuid = {38BEED7D-D847-463E-A99A-3C9241D2E4E0}
	EndGlobalSection
EndGlobal
